
Microsoft Visual Studio Solution File, Format Version 12.00
# Visual Studio Version 17
VisualStudioVersion = 17.5.002.0
MinimumVisualStudioVersion = 10.0.40219.1
Project("{9A19103F-16F7-4668-BE54-9A1E7A4F7556}") = "Step01", "Step01\Step01.csproj", "{0A4B5941-400A-40DB-AB86-591AE5DD0F9F}"
EndProject
Project("{9A19103F-16F7-4668-BE54-9A1E7A4F7556}") = "Step02", "Step02\Step02.csproj", "{AA381C8D-DA5C-4E94-AB5D-729DF1BA1A88}"
EndProject
Project("{9A19103F-16F7-4668-BE54-9A1E7A4F7556}") = "Step03", "Step03\Step03.csproj", "{29566EC3-32D2-4E60-956A-4676A365DBFD}"
EndProject
Project("{9A19103F-16F7-4668-BE54-9A1E7A4F7556}") = "Step04", "Step04\Step04.csproj", "{8B89D0E7-CFED-487B-B7AE-D509DC0F7959}"
EndProject
Project("{9A19103F-16F7-4668-BE54-9A1E7A4F7556}") = "Step06", "Step06\Step06.csproj", "{81C0FDD1-F716-4097-B25E-5826055CD18F}"
EndProject
Project("{9A19103F-16F7-4668-BE54-9A1E7A4F7556}") = "Step07", "Step07\Step07.csproj", "{59B89CB8-A2B6-44FF-8A69-3AF7FE215E53}"
EndProject
Project("{9A19103F-16F7-4668-BE54-9A1E7A4F7556}") = "Step08", "Step08\Step08.csproj", "{CF4530A7-78ED-4988-8DBB-797514D709C7}"
EndProject
Project("{9A19103F-16F7-4668-BE54-9A1E7A4F7556}") = "Step09", "Step09\Step09.csproj", "{658A627C-E44A-4788-B8B3-61B45D8E378C}"
EndProject
Project("{9A19103F-16F7-4668-BE54-9A1E7A4F7556}") = "Step10", "Step10\Step10.csproj", "{82E744D5-8F41-4052-87AA-50D9184AA41F}"
EndProject
Project("{9A19103F-16F7-4668-BE54-9A1E7A4F7556}") = "Step13", "Step13\Step13.csproj", "{5BF00100-73A4-471C-B411-DB53DD1845B3}"
EndProject
Project("{9A19103F-16F7-4668-BE54-9A1E7A4F7556}") = "Step12", "Step12\Step12.csproj", "{36481CD8-F990-4507-93EB-E9BD04E5FBC4}"
EndProject
Project("{9A19103F-16F7-4668-BE54-9A1E7A4F7556}") = "Step14", "Step14\Step14.csproj", "{7E446EEA-CD10-42D7-AB56-912BBA07F795}"
EndProject
Project("{9A19103F-16F7-4668-BE54-9A1E7A4F7556}") = "Step16", "Step16\Step16.csproj", "{F1D3D356-A282-4EAF-93C7-4A8DA9ACC7E7}"
EndProject
Global
	GlobalSection(SolutionConfigurationPlatforms) = preSolution
		Debug|Any CPU = Debug|Any CPU
		Release|Any CPU = Release|Any CPU
	EndGlobalSection
	GlobalSection(ProjectConfigurationPlatforms) = postSolution
		{0A4B5941-400A-40DB-AB86-591AE5DD0F9F}.Debug|Any CPU.ActiveCfg = Debug|Any CPU
		{0A4B5941-400A-40DB-AB86-591AE5DD0F9F}.Debug|Any CPU.Build.0 = Debug|Any CPU
		{0A4B5941-400A-40DB-AB86-591AE5DD0F9F}.Release|Any CPU.ActiveCfg = Release|Any CPU
		{0A4B5941-400A-40DB-AB86-591AE5DD0F9F}.Release|Any CPU.Build.0 = Release|Any CPU
		{AA381C8D-DA5C-4E94-AB5D-729DF1BA1A88}.Debug|Any CPU.ActiveCfg = Debug|Any CPU
		{AA381C8D-DA5C-4E94-AB5D-729DF1BA1A88}.Debug|Any CPU.Build.0 = Debug|Any CPU
		{AA381C8D-DA5C-4E94-AB5D-729DF1BA1A88}.Release|Any CPU.ActiveCfg = Release|Any CPU
		{AA381C8D-DA5C-4E94-AB5D-729DF1BA1A88}.Release|Any CPU.Build.0 = Release|Any CPU
		{29566EC3-32D2-4E60-956A-4676A365DBFD}.Debug|Any CPU.ActiveCfg = Debug|Any CPU
		{29566EC3-32D2-4E60-956A-4676A365DBFD}.Debug|Any CPU.Build.0 = Debug|Any CPU
		{29566EC3-32D2-4E60-956A-4676A365DBFD}.Release|Any CPU.ActiveCfg = Release|Any CPU
		{29566EC3-32D2-4E60-956A-4676A365DBFD}.Release|Any CPU.Build.0 = Release|Any CPU
		{8B89D0E7-CFED-487B-B7AE-D509DC0F7959}.Debug|Any CPU.ActiveCfg = Debug|Any CPU
		{8B89D0E7-CFED-487B-B7AE-D509DC0F7959}.Debug|Any CPU.Build.0 = Debug|Any CPU
		{8B89D0E7-CFED-487B-B7AE-D509DC0F7959}.Release|Any CPU.ActiveCfg = Release|Any CPU
		{8B89D0E7-CFED-487B-B7AE-D509DC0F7959}.Release|Any CPU.Build.0 = Release|Any CPU
		{81C0FDD1-F716-4097-B25E-5826055CD18F}.Debug|Any CPU.ActiveCfg = Debug|Any CPU
		{81C0FDD1-F716-4097-B25E-5826055CD18F}.Debug|Any CPU.Build.0 = Debug|Any CPU
		{81C0FDD1-F716-4097-B25E-5826055CD18F}.Release|Any CPU.ActiveCfg = Release|Any CPU
		{81C0FDD1-F716-4097-B25E-5826055CD18F}.Release|Any CPU.Build.0 = Release|Any CPU
		{59B89CB8-A2B6-44FF-8A69-3AF7FE215E53}.Debug|Any CPU.ActiveCfg = Debug|Any CPU
		{59B89CB8-A2B6-44FF-8A69-3AF7FE215E53}.Debug|Any CPU.Build.0 = Debug|Any CPU
		{59B89CB8-A2B6-44FF-8A69-3AF7FE215E53}.Release|Any CPU.ActiveCfg = Release|Any CPU
		{59B89CB8-A2B6-44FF-8A69-3AF7FE215E53}.Release|Any CPU.Build.0 = Release|Any CPU
		{CF4530A7-78ED-4988-8DBB-797514D709C7}.Debug|Any CPU.ActiveCfg = Debug|Any CPU
		{CF4530A7-78ED-4988-8DBB-797514D709C7}.Debug|Any CPU.Build.0 = Debug|Any CPU
		{CF4530A7-78ED-4988-8DBB-797514D709C7}.Release|Any CPU.ActiveCfg = Release|Any CPU
		{CF4530A7-78ED-4988-8DBB-797514D709C7}.Release|Any CPU.Build.0 = Release|Any CPU
		{658A627C-E44A-4788-B8B3-61B45D8E378C}.Debug|Any CPU.ActiveCfg = Debug|Any CPU
		{658A627C-E44A-4788-B8B3-61B45D8E378C}.Debug|Any CPU.Build.0 = Debug|Any CPU
		{658A627C-E44A-4788-B8B3-61B45D8E378C}.Release|Any CPU.ActiveCfg = Release|Any CPU
		{658A627C-E44A-4788-B8B3-61B45D8E378C}.Release|Any CPU.Build.0 = Release|Any CPU
		{82E744D5-8F41-4052-87AA-50D9184AA41F}.Debug|Any CPU.ActiveCfg = Debug|Any CPU
		{82E744D5-8F41-4052-87AA-50D9184AA41F}.Debug|Any CPU.Build.0 = Debug|Any CPU
		{82E744D5-8F41-4052-87AA-50D9184AA41F}.Release|Any CPU.ActiveCfg = Release|Any CPU
		{82E744D5-8F41-4052-87AA-50D9184AA41F}.Release|Any CPU.Build.0 = Release|Any CPU
		{5BF00100-73A4-471C-B411-DB53DD1845B3}.Debug|Any CPU.ActiveCfg = Debug|Any CPU
		{5BF00100-73A4-471C-B411-DB53DD1845B3}.Debug|Any CPU.Build.0 = Debug|Any CPU
		{5BF00100-73A4-471C-B411-DB53DD1845B3}.Release|Any CPU.ActiveCfg = Release|Any CPU
		{5BF00100-73A4-471C-B411-DB53DD1845B3}.Release|Any CPU.Build.0 = Release|Any CPU
		{36481CD8-F990-4507-93EB-E9BD04E5FBC4}.Debug|Any CPU.ActiveCfg = Debug|Any CPU
		{36481CD8-F990-4507-93EB-E9BD04E5FBC4}.Debug|Any CPU.Build.0 = Debug|Any CPU
		{36481CD8-F990-4507-93EB-E9BD04E5FBC4}.Release|Any CPU.ActiveCfg = Release|Any CPU
		{36481CD8-F990-4507-93EB-E9BD04E5FBC4}.Release|Any CPU.Build.0 = Release|Any CPU
		{7E446EEA-CD10-42D7-AB56-912BBA07F795}.Debug|Any CPU.ActiveCfg = Debug|Any CPU
		{7E446EEA-CD10-42D7-AB56-912BBA07F795}.Debug|Any CPU.Build.0 = Debug|Any CPU
		{7E446EEA-CD10-42D7-AB56-912BBA07F795}.Release|Any CPU.ActiveCfg = Release|Any CPU
		{7E446EEA-CD10-42D7-AB56-912BBA07F795}.Release|Any CPU.Build.0 = Release|Any CPU
		{F1D3D356-A282-4EAF-93C7-4A8DA9ACC7E7}.Debug|Any CPU.ActiveCfg = Debug|Any CPU
		{F1D3D356-A282-4EAF-93C7-4A8DA9ACC7E7}.Debug|Any CPU.Build.0 = Debug|Any CPU
		{F1D3D356-A282-4EAF-93C7-4A8DA9ACC7E7}.Release|Any CPU.ActiveCfg = Release|Any CPU
		{F1D3D356-A282-4EAF-93C7-4A8DA9ACC7E7}.Release|Any CPU.Build.0 = Release|Any CPU
	EndGlobalSection
	GlobalSection(SolutionProperties) = preSolution
		HideSolutionNode = FALSE
	EndGlobalSection
	GlobalSection(ExtensibilityGlobals) = postSolution
		SolutionGuid = {87C9FF28-275F-45F9-AC38-5F27EFD8018E}
	EndGlobalSection
EndGlobal
