
Microsoft Visual Studio Solution File, Format Version 12.00
# Visual Studio Version 17
VisualStudioVersion = 17.5.002.0
MinimumVisualStudioVersion = 10.0.40219.1
Project("{9A19103F-16F7-4668-BE54-9A1E7A4F7556}") = "Step01", "Step01\Step01.csproj", "{0A4B5941-400A-40DB-AB86-591AE5DD0F9F}"
EndProject
Project("{9A19103F-16F7-4668-BE54-9A1E7A4F7556}") = "Step02", "Step02\Step02.csproj", "{AA381C8D-DA5C-4E94-AB5D-729DF1BA1A88}"
EndProject
Project("{9A19103F-16F7-4668-BE54-9A1E7A4F7556}") = "Step03", "Step03\Step03.csproj", "{29566EC3-32D2-4E60-956A-4676A365DBFD}"
EndProject
Project("{FAE04EC0-301F-11D3-BF4B-00C04F79EFBC}") = "Step04", "Step04\Step04.csproj", "{8B89D0E7-CFED-487B-B7AE-D509DC0F7959}"
EndProject
Global
	GlobalSection(SolutionConfigurationPlatforms) = preSolution
		Debug|Any CPU = Debug|Any CPU
		Release|Any CPU = Release|Any CPU
	EndGlobalSection
	GlobalSection(ProjectConfigurationPlatforms) = postSolution
		{0A4B5941-400A-40DB-AB86-591AE5DD0F9F}.Debug|Any CPU.ActiveCfg = Debug|Any CPU
		{0A4B5941-400A-40DB-AB86-591AE5DD0F9F}.Debug|Any CPU.Build.0 = Debug|Any CPU
		{0A4B5941-400A-40DB-AB86-591AE5DD0F9F}.Release|Any CPU.ActiveCfg = Release|Any CPU
		{0A4B5941-400A-40DB-AB86-591AE5DD0F9F}.Release|Any CPU.Build.0 = Release|Any CPU
		{AA381C8D-DA5C-4E94-AB5D-729DF1BA1A88}.Debug|Any CPU.ActiveCfg = Debug|Any CPU
		{AA381C8D-DA5C-4E94-AB5D-729DF1BA1A88}.Debug|Any CPU.Build.0 = Debug|Any CPU
		{AA381C8D-DA5C-4E94-AB5D-729DF1BA1A88}.Release|Any CPU.ActiveCfg = Release|Any CPU
		{AA381C8D-DA5C-4E94-AB5D-729DF1BA1A88}.Release|Any CPU.Build.0 = Release|Any CPU
		{29566EC3-32D2-4E60-956A-4676A365DBFD}.Debug|Any CPU.ActiveCfg = Debug|Any CPU
		{29566EC3-32D2-4E60-956A-4676A365DBFD}.Debug|Any CPU.Build.0 = Debug|Any CPU
		{29566EC3-32D2-4E60-956A-4676A365DBFD}.Release|Any CPU.ActiveCfg = Release|Any CPU
		{29566EC3-32D2-4E60-956A-4676A365DBFD}.Release|Any CPU.Build.0 = Release|Any CPU
		{8B89D0E7-CFED-487B-B7AE-D509DC0F7959}.Debug|Any CPU.ActiveCfg = Debug|Any CPU
		{8B89D0E7-CFED-487B-B7AE-D509DC0F7959}.Debug|Any CPU.Build.0 = Debug|Any CPU
		{8B89D0E7-CFED-487B-B7AE-D509DC0F7959}.Release|Any CPU.ActiveCfg = Release|Any CPU
		{8B89D0E7-CFED-487B-B7AE-D509DC0F7959}.Release|Any CPU.Build.0 = Release|Any CPU
	EndGlobalSection
	GlobalSection(SolutionProperties) = preSolution
		HideSolutionNode = FALSE
	EndGlobalSection
	GlobalSection(ExtensibilityGlobals) = postSolution
		SolutionGuid = {87C9FF28-275F-45F9-AC38-5F27EFD8018E}
	EndGlobalSection
EndGlobal
