
Microsoft Visual Studio Solution File, Format Version 12.00
# Visual Studio Version 17
VisualStudioVersion = 17.0.31903.59
MinimumVisualStudioVersion = 10.0.40219.1
Project("{9A19103F-16F7-4668-BE54-9A1E7A4F7556}") = "dezero", "dezero.csproj", "{03CDB315-D94E-4F0C-BBA1-DE0798DF03DC}"
EndProject
Project("{9A19103F-16F7-4668-BE54-9A1E7A4F7556}") = "dezero-test", "..\..\dezero-test\dezero-test.csproj", "{C9C98B08-D99D-4E9B-A4AD-EF350237BD53}"
EndProject
Project("{FAE04EC0-301F-11D3-BF4B-00C04F79EFBC}") = "Step01", "..\Step01\Step01.csproj", "{8F59F139-4E26-4316-8679-B34931501CE5}"
EndProject
Project("{9A19103F-16F7-4668-BE54-9A1E7A4F7556}") = "Step02", "..\Step02\Step02.csproj", "{EAFEAFC1-85E2-49C9-BB0E-8E45C546529E}"
EndProject
Global
	GlobalSection(SolutionConfigurationPlatforms) = preSolution
		Debug|Any CPU = Debug|Any CPU
		Release|Any CPU = Release|Any CPU
	EndGlobalSection
	GlobalSection(ProjectConfigurationPlatforms) = postSolution
		{03CDB315-D94E-4F0C-BBA1-DE0798DF03DC}.Debug|Any CPU.ActiveCfg = Debug|Any CPU
		{03CDB315-D94E-4F0C-BBA1-DE0798DF03DC}.Debug|Any CPU.Build.0 = Debug|Any CPU
		{03CDB315-D94E-4F0C-BBA1-DE0798DF03DC}.Release|Any CPU.ActiveCfg = Release|Any CPU
		{03CDB315-D94E-4F0C-BBA1-DE0798DF03DC}.Release|Any CPU.Build.0 = Release|Any CPU
		{C9C98B08-D99D-4E9B-A4AD-EF350237BD53}.Debug|Any CPU.ActiveCfg = Debug|Any CPU
		{C9C98B08-D99D-4E9B-A4AD-EF350237BD53}.Debug|Any CPU.Build.0 = Debug|Any CPU
		{C9C98B08-D99D-4E9B-A4AD-EF350237BD53}.Release|Any CPU.ActiveCfg = Release|Any CPU
		{C9C98B08-D99D-4E9B-A4AD-EF350237BD53}.Release|Any CPU.Build.0 = Release|Any CPU
		{8F59F139-4E26-4316-8679-B34931501CE5}.Debug|Any CPU.ActiveCfg = Debug|Any CPU
		{8F59F139-4E26-4316-8679-B34931501CE5}.Debug|Any CPU.Build.0 = Debug|Any CPU
		{8F59F139-4E26-4316-8679-B34931501CE5}.Release|Any CPU.ActiveCfg = Release|Any CPU
		{8F59F139-4E26-4316-8679-B34931501CE5}.Release|Any CPU.Build.0 = Release|Any CPU
		{EAFEAFC1-85E2-49C9-BB0E-8E45C546529E}.Debug|Any CPU.ActiveCfg = Debug|Any CPU
		{EAFEAFC1-85E2-49C9-BB0E-8E45C546529E}.Debug|Any CPU.Build.0 = Debug|Any CPU
		{EAFEAFC1-85E2-49C9-BB0E-8E45C546529E}.Release|Any CPU.ActiveCfg = Release|Any CPU
		{EAFEAFC1-85E2-49C9-BB0E-8E45C546529E}.Release|Any CPU.Build.0 = Release|Any CPU
	EndGlobalSection
	GlobalSection(SolutionProperties) = preSolution
		HideSolutionNode = FALSE
	EndGlobalSection
	GlobalSection(ExtensibilityGlobals) = postSolution
		SolutionGuid = {5193A855-7E1A-45A8-9329-BBA6A72A4DE6}
	EndGlobalSection
EndGlobal
